
Microsoft Visual Studio Solution File, Format Version 12.00
# Visual Studio Version 16
VisualStudioVersion = 25.0.1704.3
MinimumVisualStudioVersion = 10.0.40219.1
Project("{FAE04EC0-301F-11D3-BF4B-00C04F79EFBC}") = "MyBasicCalculator", "MyBasicCalculator\MyBasicCalculator.csproj", "{F68E3768-6085-489A-85B1-B2C993408DA2}"
EndProject
Global
	GlobalSection(SolutionConfigurationPlatforms) = preSolution
		Debug|Any CPU = Debug|Any CPU
		Release|Any CPU = Release|Any CPU
	EndGlobalSection
	GlobalSection(ProjectConfigurationPlatforms) = postSolution
		{F68E3768-6085-489A-85B1-B2C993408DA2}.Debug|Any CPU.ActiveCfg = Debug|Any CPU
		{F68E3768-6085-489A-85B1-B2C993408DA2}.Debug|Any CPU.Build.0 = Debug|Any CPU
		{F68E3768-6085-489A-85B1-B2C993408DA2}.Release|Any CPU.ActiveCfg = Release|Any CPU
		{F68E3768-6085-489A-85B1-B2C993408DA2}.Release|Any CPU.Build.0 = Release|Any CPU
	EndGlobalSection
	GlobalSection(SolutionProperties) = preSolution
		HideSolutionNode = FALSE
	EndGlobalSection
	GlobalSection(ExtensibilityGlobals) = postSolution
		SolutionGuid = {612D3B03-E795-4681-A88F-04BC7D392A7B}
	EndGlobalSection
EndGlobal
